// !$*UTF8*$!
{
	archiveVersion = 1;
	classes = {
	};
	objectVersion = 50;
	objects = {

/* Begin PBXBuildFile section */
		846ABAA5237E68E500F811E5 /* AppDelegate.swift in Sources */ = {isa = PBXBuildFile; fileRef = 846ABAA4237E68E500F811E5 /* AppDelegate.swift */; };
		846ABAA7237E68E500F811E5 /* SceneDelegate.swift in Sources */ = {isa = PBXBuildFile; fileRef = 846ABAA6237E68E500F811E5 /* SceneDelegate.swift */; };
		846ABAA9237E68E500F811E5 /* ContentView.swift in Sources */ = {isa = PBXBuildFile; fileRef = 846ABAA8237E68E500F811E5 /* ContentView.swift */; };
		846ABAAB237E68EA00F811E5 /* Assets.xcassets in Resources */ = {isa = PBXBuildFile; fileRef = 846ABAAA237E68EA00F811E5 /* Assets.xcassets */; };
		846ABAAE237E68EA00F811E5 /* Preview Assets.xcassets in Resources */ = {isa = PBXBuildFile; fileRef = 846ABAAD237E68EA00F811E5 /* Preview Assets.xcassets */; };
		846ABAB1237E68EA00F811E5 /* LaunchScreen.storyboard in Resources */ = {isa = PBXBuildFile; fileRef = 846ABAAF237E68EA00F811E5 /* LaunchScreen.storyboard */; };
		846ABABC237E68EA00F811E5 /* BullsEyeTests.swift in Sources */ = {isa = PBXBuildFile; fileRef = 846ABABB237E68EA00F811E5 /* BullsEyeTests.swift */; };
		846ABAC7237E68EB00F811E5 /* BullsEyeUITests.swift in Sources */ = {isa = PBXBuildFile; fileRef = 846ABAC6237E68EB00F811E5 /* BullsEyeUITests.swift */; };
/* End PBXBuildFile section */

/* Begin PBXContainerItemProxy section */
		846ABAB8237E68EA00F811E5 /* PBXContainerItemProxy */ = {
			isa = PBXContainerItemProxy;
			containerPortal = 846ABA99237E68E400F811E5 /* Project object */;
			proxyType = 1;
			remoteGlobalIDString = 846ABAA0237E68E500F811E5;
			remoteInfo = BullsEye;
		};
		846ABAC3237E68EB00F811E5 /* PBXContainerItemProxy */ = {
			isa = PBXContainerItemProxy;
			containerPortal = 846ABA99237E68E400F811E5 /* Project object */;
			proxyType = 1;
			remoteGlobalIDString = 846ABAA0237E68E500F811E5;
			remoteInfo = BullsEye;
		};
/* End PBXContainerItemProxy section */

/* Begin PBXFileReference section */
		846ABAA1237E68E500F811E5 /* BullsEye.app */ = {isa = PBXFileReference; explicitFileType = wrapper.application; includeInIndex = 0; path = BullsEye.app; sourceTree = BUILT_PRODUCTS_DIR; };
		846ABAA4237E68E500F811E5 /* AppDelegate.swift */ = {isa = PBXFileReference; lastKnownFileType = sourcecode.swift; path = AppDelegate.swift; sourceTree = "<group>"; };
		846ABAA6237E68E500F811E5 /* SceneDelegate.swift */ = {isa = PBXFileReference; lastKnownFileType = sourcecode.swift; path = SceneDelegate.swift; sourceTree = "<group>"; };
		846ABAA8237E68E500F811E5 /* ContentView.swift */ = {isa = PBXFileReference; lastKnownFileType = sourcecode.swift; path = ContentView.swift; sourceTree = "<group>"; };
		846ABAAA237E68EA00F811E5 /* Assets.xcassets */ = {isa = PBXFileReference; lastKnownFileType = folder.assetcatalog; path = Assets.xcassets; sourceTree = "<group>"; };
		846ABAAD237E68EA00F811E5 /* Preview Assets.xcassets */ = {isa = PBXFileReference; lastKnownFileType = folder.assetcatalog; path = "Preview Assets.xcassets"; sourceTree = "<group>"; };
		846ABAB0237E68EA00F811E5 /* Base */ = {isa = PBXFileReference; lastKnownFileType = file.storyboard; name = Base; path = Base.lproj/LaunchScreen.storyboard; sourceTree = "<group>"; };
		846ABAB2237E68EA00F811E5 /* Info.plist */ = {isa = PBXFileReference; lastKnownFileType = text.plist.xml; path = Info.plist; sourceTree = "<group>"; };
		846ABAB7237E68EA00F811E5 /* BullsEyeTests.xctest */ = {isa = PBXFileReference; explicitFileType = wrapper.cfbundle; includeInIndex = 0; path = BullsEyeTests.xctest; sourceTree = BUILT_PRODUCTS_DIR; };
		846ABABB237E68EA00F811E5 /* BullsEyeTests.swift */ = {isa = PBXFileReference; lastKnownFileType = sourcecode.swift; path = BullsEyeTests.swift; sourceTree = "<group>"; };
		846ABABD237E68EA00F811E5 /* Info.plist */ = {isa = PBXFileReference; lastKnownFileType = text.plist.xml; path = Info.plist; sourceTree = "<group>"; };
		846ABAC2237E68EB00F811E5 /* BullsEyeUITests.xctest */ = {isa = PBXFileReference; explicitFileType = wrapper.cfbundle; includeInIndex = 0; path = BullsEyeUITests.xctest; sourceTree = BUILT_PRODUCTS_DIR; };
		846ABAC6237E68EB00F811E5 /* BullsEyeUITests.swift */ = {isa = PBXFileReference; lastKnownFileType = sourcecode.swift; path = BullsEyeUITests.swift; sourceTree = "<group>"; };
		846ABAC8237E68EB00F811E5 /* Info.plist */ = {isa = PBXFileReference; lastKnownFileType = text.plist.xml; path = Info.plist; sourceTree = "<group>"; };
/* End PBXFileReference section */

/* Begin PBXFrameworksBuildPhase section */
		846ABA9E237E68E500F811E5 /* Frameworks */ = {
			isa = PBXFrameworksBuildPhase;
			buildActionMask = 2147483647;
			files = (
			);
			runOnlyForDeploymentPostprocessing = 0;
		};
		846ABAB4237E68EA00F811E5 /* Frameworks */ = {
			isa = PBXFrameworksBuildPhase;
			buildActionMask = 2147483647;
			files = (
			);
			runOnlyForDeploymentPostprocessing = 0;
		};
		846ABABF237E68EB00F811E5 /* Frameworks */ = {
			isa = PBXFrameworksBuildPhase;
			buildActionMask = 2147483647;
			files = (
			);
			runOnlyForDeploymentPostprocessing = 0;
		};
/* End PBXFrameworksBuildPhase section */

/* Begin PBXGroup section */
		846ABA98237E68E400F811E5 = {
			isa = PBXGroup;
			children = (
				846ABAA3237E68E500F811E5 /* BullsEye */,
				846ABABA237E68EA00F811E5 /* BullsEyeTests */,
				846ABAC5237E68EB00F811E5 /* BullsEyeUITests */,
				846ABAA2237E68E500F811E5 /* Products */,
			);
			sourceTree = "<group>";
		};
		846ABAA2237E68E500F811E5 /* Products */ = {
			isa = PBXGroup;
			children = (
				846ABAA1237E68E500F811E5 /* BullsEye.app */,
				846ABAB7237E68EA00F811E5 /* BullsEyeTests.xctest */,
				846ABAC2237E68EB00F811E5 /* BullsEyeUITests.xctest */,
			);
			name = Products;
			sourceTree = "<group>";
		};
		846ABAA3237E68E500F811E5 /* BullsEye */ = {
			isa = PBXGroup;
			children = (
				846ABAA4237E68E500F811E5 /* AppDelegate.swift */,
				846ABAA6237E68E500F811E5 /* SceneDelegate.swift */,
				846ABAA8237E68E500F811E5 /* ContentView.swift */,
				846ABAAA237E68EA00F811E5 /* Assets.xcassets */,
				846ABAAF237E68EA00F811E5 /* LaunchScreen.storyboard */,
				846ABAB2237E68EA00F811E5 /* Info.plist */,
				846ABAAC237E68EA00F811E5 /* Preview Content */,
			);
			path = BullsEye;
			sourceTree = "<group>";
		};
		846ABAAC237E68EA00F811E5 /* Preview Content */ = {
			isa = PBXGroup;
			children = (
				846ABAAD237E68EA00F811E5 /* Preview Assets.xcassets */,
			);
			path = "Preview Content";
			sourceTree = "<group>";
		};
		846ABABA237E68EA00F811E5 /* BullsEyeTests */ = {
			isa = PBXGroup;
			children = (
				846ABABB237E68EA00F811E5 /* BullsEyeTests.swift */,
				846ABABD237E68EA00F811E5 /* Info.plist */,
			);
			path = BullsEyeTests;
			sourceTree = "<group>";
		};
		846ABAC5237E68EB00F811E5 /* BullsEyeUITests */ = {
			isa = PBXGroup;
			children = (
				846ABAC6237E68EB00F811E5 /* BullsEyeUITests.swift */,
				846ABAC8237E68EB00F811E5 /* Info.plist */,
			);
			path = BullsEyeUITests;
			sourceTree = "<group>";
		};
/* End PBXGroup section */

/* Begin PBXNativeTarget section */
		846ABAA0237E68E500F811E5 /* BullsEye */ = {
			isa = PBXNativeTarget;
			buildConfigurationList = 846ABACB237E68EB00F811E5 /* Build configuration list for PBXNativeTarget "BullsEye" */;
			buildPhases = (
				846ABA9D237E68E500F811E5 /* Sources */,
				846ABA9E237E68E500F811E5 /* Frameworks */,
				846ABA9F237E68E500F811E5 /* Resources */,
			);
			buildRules = (
			);
			dependencies = (
			);
			name = BullsEye;
			productName = BullsEye;
			productReference = 846ABAA1237E68E500F811E5 /* BullsEye.app */;
			productType = "com.apple.product-type.application";
		};
		846ABAB6237E68EA00F811E5 /* BullsEyeTests */ = {
			isa = PBXNativeTarget;
			buildConfigurationList = 846ABACE237E68EB00F811E5 /* Build configuration list for PBXNativeTarget "BullsEyeTests" */;
			buildPhases = (
				846ABAB3237E68EA00F811E5 /* Sources */,
				846ABAB4237E68EA00F811E5 /* Frameworks */,
				846ABAB5237E68EA00F811E5 /* Resources */,
			);
			buildRules = (
			);
			dependencies = (
				846ABAB9237E68EA00F811E5 /* PBXTargetDependency */,
			);
			name = BullsEyeTests;
			productName = BullsEyeTests;
			productReference = 846ABAB7237E68EA00F811E5 /* BullsEyeTests.xctest */;
			productType = "com.apple.product-type.bundle.unit-test";
		};
		846ABAC1237E68EB00F811E5 /* BullsEyeUITests */ = {
			isa = PBXNativeTarget;
			buildConfigurationList = 846ABAD1237E68EB00F811E5 /* Build configuration list for PBXNativeTarget "BullsEyeUITests" */;
			buildPhases = (
				846ABABE237E68EB00F811E5 /* Sources */,
				846ABABF237E68EB00F811E5 /* Frameworks */,
				846ABAC0237E68EB00F811E5 /* Resources */,
			);
			buildRules = (
			);
			dependencies = (
				846ABAC4237E68EB00F811E5 /* PBXTargetDependency */,
			);
			name = BullsEyeUITests;
			productName = BullsEyeUITests;
			productReference = 846ABAC2237E68EB00F811E5 /* BullsEyeUITests.xctest */;
			productType = "com.apple.product-type.bundle.ui-testing";
		};
/* End PBXNativeTarget section */

/* Begin PBXProject section */
		846ABA99237E68E400F811E5 /* Project object */ = {
			isa = PBXProject;
			attributes = {
				LastSwiftUpdateCheck = 1120;
				LastUpgradeCheck = 1120;
				ORGANIZATIONNAME = MINJAE;
				TargetAttributes = {
					846ABAA0237E68E500F811E5 = {
						CreatedOnToolsVersion = 11.2.1;
					};
					846ABAB6237E68EA00F811E5 = {
						CreatedOnToolsVersion = 11.2.1;
						TestTargetID = 846ABAA0237E68E500F811E5;
					};
					846ABAC1237E68EB00F811E5 = {
						CreatedOnToolsVersion = 11.2.1;
						TestTargetID = 846ABAA0237E68E500F811E5;
					};
				};
			};
			buildConfigurationList = 846ABA9C237E68E400F811E5 /* Build configuration list for PBXProject "BullsEye" */;
			compatibilityVersion = "Xcode 9.3";
			developmentRegion = en;
			hasScannedForEncodings = 0;
			knownRegions = (
				en,
				Base,
			);
			mainGroup = 846ABA98237E68E400F811E5;
			productRefGroup = 846ABAA2237E68E500F811E5 /* Products */;
			projectDirPath = "";
			projectRoot = "";
			targets = (
				846ABAA0237E68E500F811E5 /* BullsEye */,
				846ABAB6237E68EA00F811E5 /* BullsEyeTests */,
				846ABAC1237E68EB00F811E5 /* BullsEyeUITests */,
			);
		};
/* End PBXProject section */

/* Begin PBXResourcesBuildPhase section */
		846ABA9F237E68E500F811E5 /* Resources */ = {
			isa = PBXResourcesBuildPhase;
			buildActionMask = 2147483647;
			files = (
				846ABAB1237E68EA00F811E5 /* LaunchScreen.storyboard in Resources */,
				846ABAAE237E68EA00F811E5 /* Preview Assets.xcassets in Resources */,
				846ABAAB237E68EA00F811E5 /* Assets.xcassets in Resources */,
			);
			runOnlyForDeploymentPostprocessing = 0;
		};
		846ABAB5237E68EA00F811E5 /* Resources */ = {
			isa = PBXResourcesBuildPhase;
			buildActionMask = 2147483647;
			files = (
			);
			runOnlyForDeploymentPostprocessing = 0;
		};
		846ABAC0237E68EB00F811E5 /* Resources */ = {
			isa = PBXResourcesBuildPhase;
			buildActionMask = 2147483647;
			files = (
			);
			runOnlyForDeploymentPostprocessing = 0;
		};
/* End PBXResourcesBuildPhase section */

/* Begin PBXSourcesBuildPhase section */
		846ABA9D237E68E500F811E5 /* Sources */ = {
			isa = PBXSourcesBuildPhase;
			buildActionMask = 2147483647;
			files = (
				846ABAA5237E68E500F811E5 /* AppDelegate.swift in Sources */,
				846ABAA7237E68E500F811E5 /* SceneDelegate.swift in Sources */,
				846ABAA9237E68E500F811E5 /* ContentView.swift in Sources */,
			);
			runOnlyForDeploymentPostprocessing = 0;
		};
		846ABAB3237E68EA00F811E5 /* Sources */ = {
			isa = PBXSourcesBuildPhase;
			buildActionMask = 2147483647;
			files = (
				846ABABC237E68EA00F811E5 /* BullsEyeTests.swift in Sources */,
			);
			runOnlyForDeploymentPostprocessing = 0;
		};
		846ABABE237E68EB00F811E5 /* Sources */ = {
			isa = PBXSourcesBuildPhase;
			buildActionMask = 2147483647;
			files = (
				846ABAC7237E68EB00F811E5 /* BullsEyeUITests.swift in Sources */,
			);
			runOnlyForDeploymentPostprocessing = 0;
		};
/* End PBXSourcesBuildPhase section */

/* Begin PBXTargetDependency section */
		846ABAB9237E68EA00F811E5 /* PBXTargetDependency */ = {
			isa = PBXTargetDependency;
			target = 846ABAA0237E68E500F811E5 /* BullsEye */;
			targetProxy = 846ABAB8237E68EA00F811E5 /* PBXContainerItemProxy */;
		};
		846ABAC4237E68EB00F811E5 /* PBXTargetDependency */ = {
			isa = PBXTargetDependency;
			target = 846ABAA0237E68E500F811E5 /* BullsEye */;
			targetProxy = 846ABAC3237E68EB00F811E5 /* PBXContainerItemProxy */;
		};
/* End PBXTargetDependency section */

/* Begin PBXVariantGroup section */
		846ABAAF237E68EA00F811E5 /* LaunchScreen.storyboard */ = {
			isa = PBXVariantGroup;
			children = (
				846ABAB0237E68EA00F811E5 /* Base */,
			);
			name = LaunchScreen.storyboard;
			sourceTree = "<group>";
		};
/* End PBXVariantGroup section */

/* Begin XCBuildConfiguration section */
		846ABAC9237E68EB00F811E5 /* Debug */ = {
			isa = XCBuildConfiguration;
			buildSettings = {
				ALWAYS_SEARCH_USER_PATHS = NO;
				CLANG_ANALYZER_NONNULL = YES;
				CLANG_ANALYZER_NUMBER_OBJECT_CONVERSION = YES_AGGRESSIVE;
				CLANG_CXX_LANGUAGE_STANDARD = "gnu++14";
				CLANG_CXX_LIBRARY = "libc++";
				CLANG_ENABLE_MODULES = YES;
				CLANG_ENABLE_OBJC_ARC = YES;
				CLANG_ENABLE_OBJC_WEAK = YES;
				CLANG_WARN_BLOCK_CAPTURE_AUTORELEASING = YES;
				CLANG_WARN_BOOL_CONVERSION = YES;
				CLANG_WARN_COMMA = YES;
				CLANG_WARN_CONSTANT_CONVERSION = YES;
				CLANG_WARN_DEPRECATED_OBJC_IMPLEMENTATIONS = YES;
				CLANG_WARN_DIRECT_OBJC_ISA_USAGE = YES_ERROR;
				CLANG_WARN_DOCUMENTATION_COMMENTS = YES;
				CLANG_WARN_EMPTY_BODY = YES;
				CLANG_WARN_ENUM_CONVERSION = YES;
				CLANG_WARN_INFINITE_RECURSION = YES;
				CLANG_WARN_INT_CONVERSION = YES;
				CLANG_WARN_NON_LITERAL_NULL_CONVERSION = YES;
				CLANG_WARN_OBJC_IMPLICIT_RETAIN_SELF = YES;
				CLANG_WARN_OBJC_LITERAL_CONVERSION = YES;
				CLANG_WARN_OBJC_ROOT_CLASS = YES_ERROR;
				CLANG_WARN_RANGE_LOOP_ANALYSIS = YES;
				CLANG_WARN_STRICT_PROTOTYPES = YES;
				CLANG_WARN_SUSPICIOUS_MOVE = YES;
				CLANG_WARN_UNGUARDED_AVAILABILITY = YES_AGGRESSIVE;
				CLANG_WARN_UNREACHABLE_CODE = YES;
				CLANG_WARN__DUPLICATE_METHOD_MATCH = YES;
				COPY_PHASE_STRIP = NO;
				DEBUG_INFORMATION_FORMAT = dwarf;
				ENABLE_STRICT_OBJC_MSGSEND = YES;
				ENABLE_TESTABILITY = YES;
				GCC_C_LANGUAGE_STANDARD = gnu11;
				GCC_DYNAMIC_NO_PIC = NO;
				GCC_NO_COMMON_BLOCKS = YES;
				GCC_OPTIMIZATION_LEVEL = 0;
				GCC_PREPROCESSOR_DEFINITIONS = (
					"DEBUG=1",
					"$(inherited)",
				);
				GCC_WARN_64_TO_32_BIT_CONVERSION = YES;
				GCC_WARN_ABOUT_RETURN_TYPE = YES_ERROR;
				GCC_WARN_UNDECLARED_SELECTOR = YES;
				GCC_WARN_UNINITIALIZED_AUTOS = YES_AGGRESSIVE;
				GCC_WARN_UNUSED_FUNCTION = YES;
				GCC_WARN_UNUSED_VARIABLE = YES;
				IPHONEOS_DEPLOYMENT_TARGET = 13.2;
				MTL_ENABLE_DEBUG_INFO = INCLUDE_SOURCE;
				MTL_FAST_MATH = YES;
				ONLY_ACTIVE_ARCH = YES;
				SDKROOT = iphoneos;
				SWIFT_ACTIVE_COMPILATION_CONDITIONS = DEBUG;
				SWIFT_OPTIMIZATION_LEVEL = "-Onone";
			};
			name = Debug;
		};
		846ABACA237E68EB00F811E5 /* Release */ = {
			isa = XCBuildConfiguration;
			buildSettings = {
				ALWAYS_SEARCH_USER_PATHS = NO;
				CLANG_ANALYZER_NONNULL = YES;
				CLANG_ANALYZER_NUMBER_OBJECT_CONVERSION = YES_AGGRESSIVE;
				CLANG_CXX_LANGUAGE_STANDARD = "gnu++14";
				CLANG_CXX_LIBRARY = "libc++";
				CLANG_ENABLE_MODULES = YES;
				CLANG_ENABLE_OBJC_ARC = YES;
				CLANG_ENABLE_OBJC_WEAK = YES;
				CLANG_WARN_BLOCK_CAPTURE_AUTORELEASING = YES;
				CLANG_WARN_BOOL_CONVERSION = YES;
				CLANG_WARN_COMMA = YES;
				CLANG_WARN_CONSTANT_CONVERSION = YES;
				CLANG_WARN_DEPRECATED_OBJC_IMPLEMENTATIONS = YES;
				CLANG_WARN_DIRECT_OBJC_ISA_USAGE = YES_ERROR;
				CLANG_WARN_DOCUMENTATION_COMMENTS = YES;
				CLANG_WARN_EMPTY_BODY = YES;
				CLANG_WARN_ENUM_CONVERSION = YES;
				CLANG_WARN_INFINITE_RECURSION = YES;
				CLANG_WARN_INT_CONVERSION = YES;
				CLANG_WARN_NON_LITERAL_NULL_CONVERSION = YES;
				CLANG_WARN_OBJC_IMPLICIT_RETAIN_SELF = YES;
				CLANG_WARN_OBJC_LITERAL_CONVERSION = YES;
				CLANG_WARN_OBJC_ROOT_CLASS = YES_ERROR;
				CLANG_WARN_RANGE_LOOP_ANALYSIS = YES;
				CLANG_WARN_STRICT_PROTOTYPES = YES;
				CLANG_WARN_SUSPICIOUS_MOVE = YES;
				CLANG_WARN_UNGUARDED_AVAILABILITY = YES_AGGRESSIVE;
				CLANG_WARN_UNREACHABLE_CODE = YES;
				CLANG_WARN__DUPLICATE_METHOD_MATCH = YES;
				COPY_PHASE_STRIP = NO;
				DEBUG_INFORMATION_FORMAT = "dwarf-with-dsym";
				ENABLE_NS_ASSERTIONS = NO;
				ENABLE_STRICT_OBJC_MSGSEND = YES;
				GCC_C_LANGUAGE_STANDARD = gnu11;
				GCC_NO_COMMON_BLOCKS = YES;
				GCC_WARN_64_TO_32_BIT_CONVERSION = YES;
				GCC_WARN_ABOUT_RETURN_TYPE = YES_ERROR;
				GCC_WARN_UNDECLARED_SELECTOR = YES;
				GCC_WARN_UNINITIALIZED_AUTOS = YES_AGGRESSIVE;
				GCC_WARN_UNUSED_FUNCTION = YES;
				GCC_WARN_UNUSED_VARIABLE = YES;
				IPHONEOS_DEPLOYMENT_TARGET = 13.2;
				MTL_ENABLE_DEBUG_INFO = NO;
				MTL_FAST_MATH = YES;
				SDKROOT = iphoneos;
				SWIFT_COMPILATION_MODE = wholemodule;
				SWIFT_OPTIMIZATION_LEVEL = "-O";
				VALIDATE_PRODUCT = YES;
			};
			name = Release;
		};
		846ABACC237E68EB00F811E5 /* Debug */ = {
			isa = XCBuildConfiguration;
			buildSettings = {
				ASSETCATALOG_COMPILER_APPICON_NAME = AppIcon;
				CODE_SIGN_STYLE = Automatic;
				DEVELOPMENT_ASSET_PATHS = "\"BullsEye/Preview Content\"";
				ENABLE_PREVIEWS = YES;
				INFOPLIST_FILE = BullsEye/Info.plist;
				LD_RUNPATH_SEARCH_PATHS = (
					"$(inherited)",
					"@executable_path/Frameworks",
				);
				PRODUCT_BUNDLE_IDENTIFIER = MINJAE.BullsEye;
				PRODUCT_NAME = "$(TARGET_NAME)";
				SWIFT_VERSION = 5.0;
				TARGETED_DEVICE_FAMILY = "1,2";
			};
			name = Debug;
		};
		846ABACD237E68EB00F811E5 /* Release */ = {
			isa = XCBuildConfiguration;
			buildSettings = {
				ASSETCATALOG_COMPILER_APPICON_NAME = AppIcon;
				CODE_SIGN_STYLE = Automatic;
				DEVELOPMENT_ASSET_PATHS = "\"BullsEye/Preview Content\"";
				ENABLE_PREVIEWS = YES;
				INFOPLIST_FILE = BullsEye/Info.plist;
				LD_RUNPATH_SEARCH_PATHS = (
					"$(inherited)",
					"@executable_path/Frameworks",
				);
				PRODUCT_BUNDLE_IDENTIFIER = MINJAE.BullsEye;
				PRODUCT_NAME = "$(TARGET_NAME)";
				SWIFT_VERSION = 5.0;
				TARGETED_DEVICE_FAMILY = "1,2";
			};
			name = Release;
		};
		846ABACF237E68EB00F811E5 /* Debug */ = {
			isa = XCBuildConfiguration;
			buildSettings = {
				ALWAYS_EMBED_SWIFT_STANDARD_LIBRARIES = YES;
				BUNDLE_LOADER = "$(TEST_HOST)";
				CODE_SIGN_STYLE = Automatic;
				INFOPLIST_FILE = BullsEyeTests/Info.plist;
				IPHONEOS_DEPLOYMENT_TARGET = 13.2;
				LD_RUNPATH_SEARCH_PATHS = (
					"$(inherited)",
					"@executable_path/Frameworks",
					"@loader_path/Frameworks",
				);
				PRODUCT_BUNDLE_IDENTIFIER = MINJAE.BullsEyeTests;
				PRODUCT_NAME = "$(TARGET_NAME)";
				SWIFT_VERSION = 5.0;
				TARGETED_DEVICE_FAMILY = "1,2";
				TEST_HOST = "$(BUILT_PRODUCTS_DIR)/BullsEye.app/BullsEye";
			};
			name = Debug;
		};
		846ABAD0237E68EB00F811E5 /* Release */ = {
			isa = XCBuildConfiguration;
			buildSettings = {
				ALWAYS_EMBED_SWIFT_STANDARD_LIBRARIES = YES;
				BUNDLE_LOADER = "$(TEST_HOST)";
				CODE_SIGN_STYLE = Automatic;
				INFOPLIST_FILE = BullsEyeTests/Info.plist;
				IPHONEOS_DEPLOYMENT_TARGET = 13.2;
				LD_RUNPATH_SEARCH_PATHS = (
					"$(inherited)",
					"@executable_path/Frameworks",
					"@loader_path/Frameworks",
				);
				PRODUCT_BUNDLE_IDENTIFIER = MINJAE.BullsEyeTests;
				PRODUCT_NAME = "$(TARGET_NAME)";
				SWIFT_VERSION = 5.0;
				TARGETED_DEVICE_FAMILY = "1,2";
				TEST_HOST = "$(BUILT_PRODUCTS_DIR)/BullsEye.app/BullsEye";
			};
			name = Release;
		};
		846ABAD2237E68EB00F811E5 /* Debug */ = {
			isa = XCBuildConfiguration;
			buildSettings = {
				ALWAYS_EMBED_SWIFT_STANDARD_LIBRARIES = YES;
				CODE_SIGN_STYLE = Automatic;
				INFOPLIST_FILE = BullsEyeUITests/Info.plist;
				LD_RUNPATH_SEARCH_PATHS = (
					"$(inherited)",
					"@executable_path/Frameworks",
					"@loader_path/Frameworks",
				);
				PRODUCT_BUNDLE_IDENTIFIER = MINJAE.BullsEyeUITests;
				PRODUCT_NAME = "$(TARGET_NAME)";
				SWIFT_VERSION = 5.0;
				TARGETED_DEVICE_FAMILY = "1,2";
				TEST_TARGET_NAME = BullsEye;
			};
			name = Debug;
		};
		846ABAD3237E68EB00F811E5 /* Release */ = {
			isa = XCBuildConfiguration;
			buildSettings = {
				ALWAYS_EMBED_SWIFT_STANDARD_LIBRARIES = YES;
				CODE_SIGN_STYLE = Automatic;
				INFOPLIST_FILE = BullsEyeUITests/Info.plist;
				LD_RUNPATH_SEARCH_PATHS = (
					"$(inherited)",
					"@executable_path/Frameworks",
					"@loader_path/Frameworks",
				);
				PRODUCT_BUNDLE_IDENTIFIER = MINJAE.BullsEyeUITests;
				PRODUCT_NAME = "$(TARGET_NAME)";
				SWIFT_VERSION = 5.0;
				TARGETED_DEVICE_FAMILY = "1,2";
				TEST_TARGET_NAME = BullsEye;
			};
			name = Release;
		};
/* End XCBuildConfiguration section */

/* Begin XCConfigurationList section */
		846ABA9C237E68E400F811E5 /* Build configuration list for PBXProject "BullsEye" */ = {
			isa = XCConfigurationList;
			buildConfigurations = (
				846ABAC9237E68EB00F811E5 /* Debug */,
				846ABACA237E68EB00F811E5 /* Release */,
			);
			defaultConfigurationIsVisible = 0;
			defaultConfigurationName = Release;
		};
		846ABACB237E68EB00F811E5 /* Build configuration list for PBXNativeTarget "BullsEye" */ = {
			isa = XCConfigurationList;
			buildConfigurations = (
				846ABACC237E68EB00F811E5 /* Debug */,
				846ABACD237E68EB00F811E5 /* Release */,
			);
			defaultConfigurationIsVisible = 0;
			defaultConfigurationName = Release;
		};
		846ABACE237E68EB00F811E5 /* Build configuration list for PBXNativeTarget "BullsEyeTests" */ = {
			isa = XCConfigurationList;
			buildConfigurations = (
				846ABACF237E68EB00F811E5 /* Debug */,
				846ABAD0237E68EB00F811E5 /* Release */,
			);
			defaultConfigurationIsVisible = 0;
			defaultConfigurationName = Release;
		};
		846ABAD1237E68EB00F811E5 /* Build configuration list for PBXNativeTarget "BullsEyeUITests" */ = {
			isa = XCConfigurationList;
			buildConfigurations = (
				846ABAD2237E68EB00F811E5 /* Debug */,
				846ABAD3237E68EB00F811E5 /* Release */,
			);
			defaultConfigurationIsVisible = 0;
			defaultConfigurationName = Release;
		};
/* End XCConfigurationList section */
	};
	rootObject = 846ABA99237E68E400F811E5 /* Project object */;
}
